# This file is automatically @generated by Wally.
# It is not intended for manual editing.
registry = "test"

[[package]]
name = "destruction-studios/net-framework"
version = "0.0.7"
dependencies = [["Promise", "evaera/promise@4.0.0"], ["UniqueKey", "destruction-studios/uniquekey@1.0.1"]]

[[package]]
name = "destruction-studios/uniquekey"
version = "1.0.1"
dependencies = []

[[package]]
name = "evaera/promise"
version = "4.0.0"
dependencies = []
